# This file is autogenerated, do not edit; changes may be undone by the next 'dep ensure'.


[[projects]]
  digest = "1:e4b30804a381d7603b8a344009987c1ba351c26043501b23b8c7ce21f0b67474"
  name = "github.com/BurntSushi/toml"
  packages = ["."]
  pruneopts = ""
  revision = "3012a1dbe2e4bd1391d42b32f0577cb7bbc7f005"
  version = "v0.3.1"

[[projects]]
  digest = "1:fd068f1f2b853a5f6091b0e3602e8973b4c170e284d8ae3290ba24ccfb762c47"
  name = "github.com/containous/flaeg"
  packages = [
    ".",
    "parse",
  ]
  pruneopts = ""
  revision = "c93d194b807ef171c43344d60adad8b58217390a"
  version = "v1.4.1"

[[projects]]
  digest = "1:3dd078fda7500c341bc26cfbc6c6a34614f295a2457149fc1045cab767cbcf18"
  name = "github.com/golang/protobuf"
  packages = ["proto"]
  pruneopts = ""
  revision = "aa810b61a9c79d51363740d207bb46cf8e620ed5"
  version = "v1.2.0"

[[projects]]
  digest = "1:fe6cc362a045672e53978d16c406184fd8f964704c3cc8360256154194bd6e30"
  name = "github.com/google/go-github"
  packages = ["github"]
  pruneopts = ""
  revision = "1c3f0aaee1ce742b655f1ba8f33740103e904c5c"
  version = "v24.0.0"

[[projects]]
  digest = "1:cea4aa2038169ee558bf507d5ea02c94ca85bcca28a4c7bb99fd59b31e43a686"
  name = "github.com/google/go-querystring"
  packages = ["query"]
  pruneopts = ""
  revision = "44c6ddd0a2342c386950e880b658017258da92fc"
  version = "v1.0.0"

[[projects]]
  digest = "1:09aa5dd1332b93c96bde671bafb053249dc813febf7d5ca84e8f382ba255d67d"
  name = "github.com/gorilla/websocket"
  packages = ["."]
  pruneopts = ""
  revision = "66b9c49e59c6c48f0ffce28c2d8b8a5678502c6d"
  version = "v1.4.0"

[[projects]]
  digest = "1:d2f1d8bbf3823ba98833a6d65214361d6d43bf9f7039ff86253e549a84251093"
  name = "github.com/ldez/ghwebhook"
  packages = [
    ".",
    "eventtype",
  ]
  pruneopts = ""
  revision = "4ca38f978070bbd398f76cbc08adf3864f66076a"
  version = "v1.1.2"

[[projects]]
  branch = "master"
  digest = "1:e93e7ea89c51ed9fb90b3b0c1e0cf4d637bde3401ddfba92907898013cd532ea"
  name = "github.com/nlopes/slack"
  packages = [
    ".",
    "slackutilsx",
  ]
  pruneopts = ""
  revision = "e73b432e20b0f00bfa92b15f51e43fc79247611b"

[[projects]]
  branch = "master"
  digest = "1:c5321c18190f47a3cee2e4c357dde460cd66b22b324b97a17fc5145d934f9d56"
  name = "github.com/ogier/pflag"
  packages = ["."]
  pruneopts = ""
  revision = "45c278ab3607870051a2ea9040bb85fcb8557481"

[[projects]]
  digest = "1:1d7e1867c49a6dd9856598ef7c3123604ea3daabf5b83f303ff457bcbc410b1d"
  name = "github.com/pkg/errors"
  packages = ["."]
  pruneopts = ""
  revision = "ba968bfe8b2f7e042a574c888954fccecfa385b4"
  version = "v0.8.1"

[[projects]]
  branch = "master"
  digest = "1:4f7cbb08d72e1163302e2d21415200a7bc281653f5f34eda8a15c0da11a337b0"
  name = "golang.org/x/net"
  packages = [
    "context",
    "context/ctxhttp",
  ]
  pruneopts = ""
  revision = "3a22650c66bd7f4fb6d1e8072ffd7b75c8a27898"

[[projects]]
  branch = "master"
  digest = "1:ab59ae99282f00d97bc86eea793a0550d9753018f52fd469c1186b2fe843d6a4"
  name = "golang.org/x/oauth2"
  packages = [
    ".",
    "internal",
  ]
  pruneopts = ""
  revision = "3e8b2be1363542a95c52ea0796d4a40dacfb5b95"

[[projects]]
  digest = "1:bc09e719c4e2a15d17163f5272d9a3131c45d77542b7fdc53ff518815bc19ab3"
  name = "google.golang.org/appengine"
  packages = [
    "internal",
    "internal/base",
    "internal/datastore",
    "internal/log",
    "internal/remote_api",
    "internal/urlfetch",
    "urlfetch",
  ]
  pruneopts = ""
  revision = "e9657d882bb81064595ca3b56cbe2546bbabf7b1"
  version = "v1.4.0"

[solve-meta]
  analyzer-name = "dep"
  analyzer-version = 1
  input-imports = [
    "github.com/BurntSushi/toml",
    "github.com/containous/flaeg",
    "github.com/google/go-github/github",
    "github.com/ldez/ghwebhook",
    "github.com/ldez/ghwebhook/eventtype",
    "github.com/nlopes/slack",
    "github.com/ogier/pflag",
    "golang.org/x/oauth2",
  ]
  solver-name = "gps-cdcl"
  solver-version = 1
